
Microsoft Visual Studio Solution File, Format Version 12.00
# Visual Studio Version 17
VisualStudioVersion = 17.0.31903.59
MinimumVisualStudioVersion = 10.0.40219.1
Project("{FAE04EC0-301F-11D3-BF4B-00C04F79EFBC}") = "Lib", "Lib\Lib.csproj", "{04B51DE2-F541-46E7-89AC-DEAF80C6CD98}"
EndProject
Project("{FAE04EC0-301F-11D3-BF4B-00C04F79EFBC}") = "App", "App\App.csproj", "{26E851E8-071E-4C0D-B640-52B4324510D7}"
EndProject
Global
	GlobalSection(SolutionConfigurationPlatforms) = preSolution
		Debug|Any CPU = Debug|Any CPU
		Release|Any CPU = Release|Any CPU
	EndGlobalSection
	GlobalSection(SolutionProperties) = preSolution
		HideSolutionNode = FALSE
	EndGlobalSection
	GlobalSection(ProjectConfigurationPlatforms) = postSolution
		{04B51DE2-F541-46E7-89AC-DEAF80C6CD98}.Debug|Any CPU.ActiveCfg = Debug|Any CPU
		{04B51DE2-F541-46E7-89AC-DEAF80C6CD98}.Debug|Any CPU.Build.0 = Debug|Any CPU
		{04B51DE2-F541-46E7-89AC-DEAF80C6CD98}.Release|Any CPU.ActiveCfg = Release|Any CPU
		{04B51DE2-F541-46E7-89AC-DEAF80C6CD98}.Release|Any CPU.Build.0 = Release|Any CPU
		{26E851E8-071E-4C0D-B640-52B4324510D7}.Debug|Any CPU.ActiveCfg = Debug|Any CPU
		{26E851E8-071E-4C0D-B640-52B4324510D7}.Debug|Any CPU.Build.0 = Debug|Any CPU
		{26E851E8-071E-4C0D-B640-52B4324510D7}.Release|Any CPU.ActiveCfg = Release|Any CPU
		{26E851E8-071E-4C0D-B640-52B4324510D7}.Release|Any CPU.Build.0 = Release|Any CPU
	EndGlobalSection
EndGlobal
