
Microsoft Visual Studio Solution File, Format Version 12.00
# Visual Studio Version 17
VisualStudioVersion = 17.0.31903.59
MinimumVisualStudioVersion = 10.0.40219.1
Project("{FAE04EC0-301F-11D3-BF4B-00C04F79EFBC}") = "TestBuildFails", "TestBuildFails.csproj", "{2096B9AC-2F81-4566-99A9-FF047C26ADAB}"
EndProject
Global
	GlobalSection(SolutionConfigurationPlatforms) = preSolution
		Debug|Any CPU = Debug|Any CPU
		Release|Any CPU = Release|Any CPU
	EndGlobalSection
	GlobalSection(SolutionProperties) = preSolution
		HideSolutionNode = FALSE
	EndGlobalSection
	GlobalSection(ProjectConfigurationPlatforms) = postSolution
		{2096B9AC-2F81-4566-99A9-FF047C26ADAB}.Debug|Any CPU.ActiveCfg = Debug|Any CPU
		{2096B9AC-2F81-4566-99A9-FF047C26ADAB}.Debug|Any CPU.Build.0 = Debug|Any CPU
		{2096B9AC-2F81-4566-99A9-FF047C26ADAB}.Release|Any CPU.ActiveCfg = Release|Any CPU
		{2096B9AC-2F81-4566-99A9-FF047C26ADAB}.Release|Any CPU.Build.0 = Release|Any CPU
	EndGlobalSection
EndGlobal
