
Microsoft Visual Studio Solution File, Format Version 12.00
# Visual Studio Version 17
VisualStudioVersion = 17.0.31903.59
MinimumVisualStudioVersion = 10.0.40219.1
Project("{FAE04EC0-301F-11D3-BF4B-00C04F79EFBC}") = "Version1", "Version1/Version1.csproj", "{BE367F8F-FF53-48E2-9B77-0BBBC5AE5565}"
EndProject
Project("{FAE04EC0-301F-11D3-BF4B-00C04F79EFBC}") = "Version2", "Version2/Version2.csproj", "{60A0CBA1-D9FC-4621-A50C-1F2B8F2288BF}"
EndProject
Global
	GlobalSection(SolutionConfigurationPlatforms) = preSolution
		Debug|Any CPU = Debug|Any CPU
		Release|Any CPU = Release|Any CPU
	EndGlobalSection
	GlobalSection(SolutionProperties) = preSolution
		HideSolutionNode = FALSE
	EndGlobalSection
	GlobalSection(ProjectConfigurationPlatforms) = postSolution
		{BE367F8F-FF53-48E2-9B77-0BBBC5AE5565}.Debug|Any CPU.ActiveCfg = Debug|Any CPU
		{BE367F8F-FF53-48E2-9B77-0BBBC5AE5565}.Debug|Any CPU.Build.0 = Debug|Any CPU
		{BE367F8F-FF53-48E2-9B77-0BBBC5AE5565}.Release|Any CPU.ActiveCfg = Release|Any CPU
		{BE367F8F-FF53-48E2-9B77-0BBBC5AE5565}.Release|Any CPU.Build.0 = Release|Any CPU
		{60A0CBA1-D9FC-4621-A50C-1F2B8F2288BF}.Debug|Any CPU.ActiveCfg = Debug|Any CPU
		{60A0CBA1-D9FC-4621-A50C-1F2B8F2288BF}.Debug|Any CPU.Build.0 = Debug|Any CPU
		{60A0CBA1-D9FC-4621-A50C-1F2B8F2288BF}.Release|Any CPU.ActiveCfg = Release|Any CPU
		{60A0CBA1-D9FC-4621-A50C-1F2B8F2288BF}.Release|Any CPU.Build.0 = Release|Any CPU
	EndGlobalSection
EndGlobal
