
Microsoft Visual Studio Solution File, Format Version 12.00
# Visual Studio Version 16
VisualStudioVersion = 16.0.30523.141
MinimumVisualStudioVersion = 10.0.40219.1
Project("{9A19103F-16F7-4668-BE54-9A1E7A4F7556}") = "Caravela.Framework", "Caravela.Framework\Caravela.Framework.csproj", "{3D5D53DA-F498-4432-A3F4-99F21DEECD69}"
EndProject
Project("{9A19103F-16F7-4668-BE54-9A1E7A4F7556}") = "Caravela.Framework.Impl", "Caravela.Framework.Impl\Caravela.Framework.Impl.csproj", "{FA9772A5-51D5-4374-8DD3-E7CC1B3F138B}"
EndProject
Project("{2150E333-8FDC-42A3-9474-1A3956D46DE8}") = "Solution Items", "Solution Items", "{34D4F83E-9C04-4175-8DD3-9D65DDF39F69}"
	ProjectSection(SolutionItems) = preProject
		.editorconfig = .editorconfig
		Directory.Build.props = Directory.Build.props
		nuget.config = nuget.config
	EndProjectSection
EndProject
Project("{9A19103F-16F7-4668-BE54-9A1E7A4F7556}") = "Caravela.MemoTransformer", "Caravela.MemoTransformer\Caravela.MemoTransformer.csproj", "{DB6B2103-3DB0-4C86-BA11-46A2DC5B3E62}"
EndProject
Project("{9A19103F-16F7-4668-BE54-9A1E7A4F7556}") = "Caravela.Framework.Impl.UnitTests", "Caravela.Framework.Impl.UnitTests\Caravela.Framework.Impl.UnitTests.csproj", "{B74D3758-0E43-405F-B7C3-8EF444090E86}"
EndProject
Project("{9A19103F-16F7-4668-BE54-9A1E7A4F7556}") = "Caravela.Framework.Sdk", "Caravela.Framework.Sdk\Caravela.Framework.Sdk.csproj", "{CB98654B-14D3-4ED5-A194-7205A3BEAFD7}"
EndProject
Project("{9A19103F-16F7-4668-BE54-9A1E7A4F7556}") = "Caravela.Patterns.AutoCancellationToken", "Caravela.Patterns.AutoCancellationToken\Caravela.Patterns.AutoCancellationToken.csproj", "{A0AEC1AB-6810-4D11-8BAE-8DE34B837A1A}"
EndProject
Project("{9A19103F-16F7-4668-BE54-9A1E7A4F7556}") = "Caravela.Patterns.AutoCancellationToken.TestApp", "Caravela.Patterns.AutoCancellationToken.TestApp\Caravela.Patterns.AutoCancellationToken.TestApp.csproj", "{4FECDE66-1079-4660-94D7-D2DE60A3E0B6}"
EndProject
Project("{9A19103F-16F7-4668-BE54-9A1E7A4F7556}") = "Caravela.Reactive", "Caravela.Reactive\Caravela.Reactive.csproj", "{BD041817-F150-43DD-A987-F815730777A5}"
EndProject
Project("{9A19103F-16F7-4668-BE54-9A1E7A4F7556}") = "Caravela.Reactive.UnitTests", "Caravela.Reactive.UnitTests\Caravela.Reactive.UnitTests.csproj", "{7853A7E0-527B-4C70-B7AE-CC3FBAB958E8}"
EndProject
Project("{9A19103F-16F7-4668-BE54-9A1E7A4F7556}") = "Caravela.Framework.TestApp", "Caravela.Framework.TestApp\Caravela.Framework.TestApp.csproj", "{5765A633-EC2E-4488-AF53-5FC912B39710}"
EndProject
Project("{9A19103F-16F7-4668-BE54-9A1E7A4F7556}") = "Caravela.Framework.TestApp.Aspects", "Caravela.Framework.TestApp.Aspects\Caravela.Framework.TestApp.Aspects.csproj", "{522FB0EC-9534-40D7-95F8-F9C7D246CC85}"
EndProject
Project("{9A19103F-16F7-4668-BE54-9A1E7A4F7556}") = "Caravela.Framework.GenerateMetaSyntaxRewriter", "Caravela.Framework.GenerateMetaSyntaxRewriter\Caravela.Framework.GenerateMetaSyntaxRewriter.csproj", "{33AD46E7-A88B-4C6D-AB9F-99823DC7DB54}"
EndProject
Project("{2150E333-8FDC-42A3-9474-1A3956D46DE8}") = "Tests", "Tests", "{E4A0A0FD-0EC6-45C6-92C3-1D81974EE32B}"
EndProject
Project("{FAE04EC0-301F-11D3-BF4B-00C04F79EFBC}") = "Caravela.AspectWorkbench", "Tests\PostSharp.Caravela.AspectWorkbench\Caravela.AspectWorkbench.csproj", "{44556484-6286-4C5B-836D-4E167805120F}"
EndProject
Project("{2150E333-8FDC-42A3-9474-1A3956D46DE8}") = "Build", "Build", "{19660464-978E-4457-846E-B399BB6A3884}"
EndProject
Project("{9A19103F-16F7-4668-BE54-9A1E7A4F7556}") = "Caravela.Framework.TestApp.Library", "Caravela.Framework.TestApp.Library\Caravela.Framework.TestApp.Library.csproj", "{FCF6B68B-20B3-4AD3-B77D-6D6F560929B0}"
EndProject
Project("{9A19103F-16F7-4668-BE54-9A1E7A4F7556}") = "Caravela.Framework.Sdk.Package", "Caravela.Framework.Sdk.Package\Caravela.Framework.Sdk.Package.csproj", "{909C6855-918D-46DD-B7FB-83EF471AF1A4}"
EndProject
Project("{9A19103F-16F7-4668-BE54-9A1E7A4F7556}") = "Caravela.Patterns.Virtuosity", "Caravela.Patterns.Virtuosity\Caravela.Patterns.Virtuosity.csproj", "{0BCB1B9A-9B4C-44F1-8458-0A6208D6D417}"
EndProject
Project("{9A19103F-16F7-4668-BE54-9A1E7A4F7556}") = "Caravela.Patterns.Virtuosity.TestApp", "Caravela.Patterns.Virtuosity.TestApp\Caravela.Patterns.Virtuosity.TestApp.csproj", "{84D54829-9E20-4B37-AA37-296AC9013B35}"
EndProject
Project("{9A19103F-16F7-4668-BE54-9A1E7A4F7556}") = "Caravela.Patterns.Costura", "Caravela.Patterns.Costura\Caravela.Patterns.Costura.csproj", "{2716F057-BFC5-40AF-8DA4-D90D56362D86}"
EndProject
Project("{9A19103F-16F7-4668-BE54-9A1E7A4F7556}") = "Caravela.Patterns.Costura.TestApp", "Caravela.Patterns.Costura.TestApp\Caravela.Patterns.Costura.TestApp.csproj", "{11570094-57DB-4684-9227-95AB008664E8}"
EndProject
Project("{9A19103F-16F7-4668-BE54-9A1E7A4F7556}") = "Caravela.Patterns.Costura.Tests", "Caravela.Patterns.Costura.Tests\Caravela.Patterns.Costura.Tests.csproj", "{8053A2E4-4AFC-4D87-BF8B-824C504000EF}"
EndProject
Project("{9A19103F-16F7-4668-BE54-9A1E7A4F7556}") = "Caravela.Patterns.Costura.WpfApp", "Caravela.Patterns.Costura.WpfApp\Caravela.Patterns.Costura.WpfApp.csproj", "{48A77958-5C30-4514-8772-9D98D25F21AB}"
EndProject
Global
	GlobalSection(SolutionConfigurationPlatforms) = preSolution
		Debug|Any CPU = Debug|Any CPU
		Release|Any CPU = Release|Any CPU
	EndGlobalSection
	GlobalSection(ProjectConfigurationPlatforms) = postSolution
		{3D5D53DA-F498-4432-A3F4-99F21DEECD69}.Debug|Any CPU.ActiveCfg = Debug|Any CPU
		{3D5D53DA-F498-4432-A3F4-99F21DEECD69}.Debug|Any CPU.Build.0 = Debug|Any CPU
		{3D5D53DA-F498-4432-A3F4-99F21DEECD69}.Release|Any CPU.ActiveCfg = Release|Any CPU
		{3D5D53DA-F498-4432-A3F4-99F21DEECD69}.Release|Any CPU.Build.0 = Release|Any CPU
		{FA9772A5-51D5-4374-8DD3-E7CC1B3F138B}.Debug|Any CPU.ActiveCfg = Debug|Any CPU
		{FA9772A5-51D5-4374-8DD3-E7CC1B3F138B}.Debug|Any CPU.Build.0 = Debug|Any CPU
		{FA9772A5-51D5-4374-8DD3-E7CC1B3F138B}.Release|Any CPU.ActiveCfg = Release|Any CPU
		{FA9772A5-51D5-4374-8DD3-E7CC1B3F138B}.Release|Any CPU.Build.0 = Release|Any CPU
		{DB6B2103-3DB0-4C86-BA11-46A2DC5B3E62}.Debug|Any CPU.ActiveCfg = Debug|Any CPU
		{DB6B2103-3DB0-4C86-BA11-46A2DC5B3E62}.Debug|Any CPU.Build.0 = Debug|Any CPU
		{DB6B2103-3DB0-4C86-BA11-46A2DC5B3E62}.Release|Any CPU.ActiveCfg = Release|Any CPU
		{DB6B2103-3DB0-4C86-BA11-46A2DC5B3E62}.Release|Any CPU.Build.0 = Release|Any CPU
		{B74D3758-0E43-405F-B7C3-8EF444090E86}.Debug|Any CPU.ActiveCfg = Debug|Any CPU
		{B74D3758-0E43-405F-B7C3-8EF444090E86}.Debug|Any CPU.Build.0 = Debug|Any CPU
		{B74D3758-0E43-405F-B7C3-8EF444090E86}.Release|Any CPU.ActiveCfg = Release|Any CPU
		{B74D3758-0E43-405F-B7C3-8EF444090E86}.Release|Any CPU.Build.0 = Release|Any CPU
		{CB98654B-14D3-4ED5-A194-7205A3BEAFD7}.Debug|Any CPU.ActiveCfg = Debug|Any CPU
		{CB98654B-14D3-4ED5-A194-7205A3BEAFD7}.Debug|Any CPU.Build.0 = Debug|Any CPU
		{CB98654B-14D3-4ED5-A194-7205A3BEAFD7}.Release|Any CPU.ActiveCfg = Release|Any CPU
		{CB98654B-14D3-4ED5-A194-7205A3BEAFD7}.Release|Any CPU.Build.0 = Release|Any CPU
		{A0AEC1AB-6810-4D11-8BAE-8DE34B837A1A}.Debug|Any CPU.ActiveCfg = Debug|Any CPU
		{A0AEC1AB-6810-4D11-8BAE-8DE34B837A1A}.Debug|Any CPU.Build.0 = Debug|Any CPU
		{A0AEC1AB-6810-4D11-8BAE-8DE34B837A1A}.Release|Any CPU.ActiveCfg = Release|Any CPU
		{A0AEC1AB-6810-4D11-8BAE-8DE34B837A1A}.Release|Any CPU.Build.0 = Release|Any CPU
		{4FECDE66-1079-4660-94D7-D2DE60A3E0B6}.Debug|Any CPU.ActiveCfg = Debug|Any CPU
		{4FECDE66-1079-4660-94D7-D2DE60A3E0B6}.Debug|Any CPU.Build.0 = Debug|Any CPU
		{4FECDE66-1079-4660-94D7-D2DE60A3E0B6}.Release|Any CPU.ActiveCfg = Release|Any CPU
		{4FECDE66-1079-4660-94D7-D2DE60A3E0B6}.Release|Any CPU.Build.0 = Release|Any CPU
		{BD041817-F150-43DD-A987-F815730777A5}.Debug|Any CPU.ActiveCfg = Debug|Any CPU
		{BD041817-F150-43DD-A987-F815730777A5}.Debug|Any CPU.Build.0 = Debug|Any CPU
		{BD041817-F150-43DD-A987-F815730777A5}.Release|Any CPU.ActiveCfg = Release|Any CPU
		{BD041817-F150-43DD-A987-F815730777A5}.Release|Any CPU.Build.0 = Release|Any CPU
		{7853A7E0-527B-4C70-B7AE-CC3FBAB958E8}.Debug|Any CPU.ActiveCfg = Debug|Any CPU
		{7853A7E0-527B-4C70-B7AE-CC3FBAB958E8}.Debug|Any CPU.Build.0 = Debug|Any CPU
		{7853A7E0-527B-4C70-B7AE-CC3FBAB958E8}.Release|Any CPU.ActiveCfg = Release|Any CPU
		{7853A7E0-527B-4C70-B7AE-CC3FBAB958E8}.Release|Any CPU.Build.0 = Release|Any CPU
		{5765A633-EC2E-4488-AF53-5FC912B39710}.Debug|Any CPU.ActiveCfg = Debug|Any CPU
		{5765A633-EC2E-4488-AF53-5FC912B39710}.Debug|Any CPU.Build.0 = Debug|Any CPU
		{5765A633-EC2E-4488-AF53-5FC912B39710}.Release|Any CPU.ActiveCfg = Release|Any CPU
		{5765A633-EC2E-4488-AF53-5FC912B39710}.Release|Any CPU.Build.0 = Release|Any CPU
		{522FB0EC-9534-40D7-95F8-F9C7D246CC85}.Debug|Any CPU.ActiveCfg = Debug|Any CPU
		{522FB0EC-9534-40D7-95F8-F9C7D246CC85}.Debug|Any CPU.Build.0 = Debug|Any CPU
		{522FB0EC-9534-40D7-95F8-F9C7D246CC85}.Release|Any CPU.ActiveCfg = Release|Any CPU
		{522FB0EC-9534-40D7-95F8-F9C7D246CC85}.Release|Any CPU.Build.0 = Release|Any CPU
		{33AD46E7-A88B-4C6D-AB9F-99823DC7DB54}.Debug|Any CPU.ActiveCfg = Debug|Any CPU
		{33AD46E7-A88B-4C6D-AB9F-99823DC7DB54}.Debug|Any CPU.Build.0 = Debug|Any CPU
		{33AD46E7-A88B-4C6D-AB9F-99823DC7DB54}.Release|Any CPU.ActiveCfg = Release|Any CPU
		{33AD46E7-A88B-4C6D-AB9F-99823DC7DB54}.Release|Any CPU.Build.0 = Release|Any CPU
		{44556484-6286-4C5B-836D-4E167805120F}.Debug|Any CPU.ActiveCfg = Debug|Any CPU
		{44556484-6286-4C5B-836D-4E167805120F}.Debug|Any CPU.Build.0 = Debug|Any CPU
		{44556484-6286-4C5B-836D-4E167805120F}.Release|Any CPU.ActiveCfg = Release|Any CPU
		{44556484-6286-4C5B-836D-4E167805120F}.Release|Any CPU.Build.0 = Release|Any CPU
		{FCF6B68B-20B3-4AD3-B77D-6D6F560929B0}.Debug|Any CPU.ActiveCfg = Debug|Any CPU
		{FCF6B68B-20B3-4AD3-B77D-6D6F560929B0}.Debug|Any CPU.Build.0 = Debug|Any CPU
		{FCF6B68B-20B3-4AD3-B77D-6D6F560929B0}.Release|Any CPU.ActiveCfg = Release|Any CPU
		{FCF6B68B-20B3-4AD3-B77D-6D6F560929B0}.Release|Any CPU.Build.0 = Release|Any CPU
		{909C6855-918D-46DD-B7FB-83EF471AF1A4}.Debug|Any CPU.ActiveCfg = Debug|Any CPU
		{909C6855-918D-46DD-B7FB-83EF471AF1A4}.Debug|Any CPU.Build.0 = Debug|Any CPU
		{909C6855-918D-46DD-B7FB-83EF471AF1A4}.Release|Any CPU.ActiveCfg = Release|Any CPU
		{909C6855-918D-46DD-B7FB-83EF471AF1A4}.Release|Any CPU.Build.0 = Release|Any CPU
		{0BCB1B9A-9B4C-44F1-8458-0A6208D6D417}.Debug|Any CPU.ActiveCfg = Debug|Any CPU
		{0BCB1B9A-9B4C-44F1-8458-0A6208D6D417}.Debug|Any CPU.Build.0 = Debug|Any CPU
		{0BCB1B9A-9B4C-44F1-8458-0A6208D6D417}.Release|Any CPU.ActiveCfg = Release|Any CPU
		{0BCB1B9A-9B4C-44F1-8458-0A6208D6D417}.Release|Any CPU.Build.0 = Release|Any CPU
		{84D54829-9E20-4B37-AA37-296AC9013B35}.Debug|Any CPU.ActiveCfg = Debug|Any CPU
		{84D54829-9E20-4B37-AA37-296AC9013B35}.Debug|Any CPU.Build.0 = Debug|Any CPU
		{84D54829-9E20-4B37-AA37-296AC9013B35}.Release|Any CPU.ActiveCfg = Release|Any CPU
		{84D54829-9E20-4B37-AA37-296AC9013B35}.Release|Any CPU.Build.0 = Release|Any CPU
		{2716F057-BFC5-40AF-8DA4-D90D56362D86}.Debug|Any CPU.ActiveCfg = Debug|Any CPU
		{2716F057-BFC5-40AF-8DA4-D90D56362D86}.Debug|Any CPU.Build.0 = Debug|Any CPU
		{2716F057-BFC5-40AF-8DA4-D90D56362D86}.Release|Any CPU.ActiveCfg = Release|Any CPU
		{2716F057-BFC5-40AF-8DA4-D90D56362D86}.Release|Any CPU.Build.0 = Release|Any CPU
		{11570094-57DB-4684-9227-95AB008664E8}.Debug|Any CPU.ActiveCfg = Debug|Any CPU
		{11570094-57DB-4684-9227-95AB008664E8}.Debug|Any CPU.Build.0 = Debug|Any CPU
		{11570094-57DB-4684-9227-95AB008664E8}.Release|Any CPU.ActiveCfg = Release|Any CPU
		{11570094-57DB-4684-9227-95AB008664E8}.Release|Any CPU.Build.0 = Release|Any CPU
		{8053A2E4-4AFC-4D87-BF8B-824C504000EF}.Debug|Any CPU.ActiveCfg = Debug|Any CPU
		{8053A2E4-4AFC-4D87-BF8B-824C504000EF}.Debug|Any CPU.Build.0 = Debug|Any CPU
		{8053A2E4-4AFC-4D87-BF8B-824C504000EF}.Release|Any CPU.ActiveCfg = Release|Any CPU
		{8053A2E4-4AFC-4D87-BF8B-824C504000EF}.Release|Any CPU.Build.0 = Release|Any CPU
		{48A77958-5C30-4514-8772-9D98D25F21AB}.Debug|Any CPU.ActiveCfg = Debug|Any CPU
		{48A77958-5C30-4514-8772-9D98D25F21AB}.Debug|Any CPU.Build.0 = Debug|Any CPU
		{48A77958-5C30-4514-8772-9D98D25F21AB}.Release|Any CPU.ActiveCfg = Release|Any CPU
		{48A77958-5C30-4514-8772-9D98D25F21AB}.Release|Any CPU.Build.0 = Release|Any CPU
	EndGlobalSection
	GlobalSection(SolutionProperties) = preSolution
		HideSolutionNode = FALSE
	EndGlobalSection
	GlobalSection(NestedProjects) = preSolution
		{DB6B2103-3DB0-4C86-BA11-46A2DC5B3E62} = {19660464-978E-4457-846E-B399BB6A3884}
		{B74D3758-0E43-405F-B7C3-8EF444090E86} = {E4A0A0FD-0EC6-45C6-92C3-1D81974EE32B}
		{A0AEC1AB-6810-4D11-8BAE-8DE34B837A1A} = {E4A0A0FD-0EC6-45C6-92C3-1D81974EE32B}
		{4FECDE66-1079-4660-94D7-D2DE60A3E0B6} = {E4A0A0FD-0EC6-45C6-92C3-1D81974EE32B}
		{7853A7E0-527B-4C70-B7AE-CC3FBAB958E8} = {E4A0A0FD-0EC6-45C6-92C3-1D81974EE32B}
		{5765A633-EC2E-4488-AF53-5FC912B39710} = {E4A0A0FD-0EC6-45C6-92C3-1D81974EE32B}
		{522FB0EC-9534-40D7-95F8-F9C7D246CC85} = {E4A0A0FD-0EC6-45C6-92C3-1D81974EE32B}
		{33AD46E7-A88B-4C6D-AB9F-99823DC7DB54} = {19660464-978E-4457-846E-B399BB6A3884}
		{44556484-6286-4C5B-836D-4E167805120F} = {E4A0A0FD-0EC6-45C6-92C3-1D81974EE32B}
		{FCF6B68B-20B3-4AD3-B77D-6D6F560929B0} = {E4A0A0FD-0EC6-45C6-92C3-1D81974EE32B}
		{0BCB1B9A-9B4C-44F1-8458-0A6208D6D417} = {E4A0A0FD-0EC6-45C6-92C3-1D81974EE32B}
		{84D54829-9E20-4B37-AA37-296AC9013B35} = {E4A0A0FD-0EC6-45C6-92C3-1D81974EE32B}
		{2716F057-BFC5-40AF-8DA4-D90D56362D86} = {E4A0A0FD-0EC6-45C6-92C3-1D81974EE32B}
		{11570094-57DB-4684-9227-95AB008664E8} = {E4A0A0FD-0EC6-45C6-92C3-1D81974EE32B}
		{8053A2E4-4AFC-4D87-BF8B-824C504000EF} = {E4A0A0FD-0EC6-45C6-92C3-1D81974EE32B}
		{48A77958-5C30-4514-8772-9D98D25F21AB} = {E4A0A0FD-0EC6-45C6-92C3-1D81974EE32B}
	EndGlobalSection
	GlobalSection(ExtensibilityGlobals) = postSolution
		SolutionGuid = {59CB4F2D-3547-4DDF-9712-7B3F95C1ED66}
	EndGlobalSection
EndGlobal
