
Microsoft Visual Studio Solution File, Format Version 12.00
# Visual Studio Version 16
VisualStudioVersion = 16.0.30523.141
MinimumVisualStudioVersion = 10.0.40219.1
Project("{9A19103F-16F7-4668-BE54-9A1E7A4F7556}") = "Caravela.Framework", "Caravela.Framework\Caravela.Framework.csproj", "{3D5D53DA-F498-4432-A3F4-99F21DEECD69}"
EndProject
Project("{9A19103F-16F7-4668-BE54-9A1E7A4F7556}") = "Caravela.Framework.Impl", "Caravela.Framework.Impl\Caravela.Framework.Impl.csproj", "{FA9772A5-51D5-4374-8DD3-E7CC1B3F138B}"
EndProject
Project("{2150E333-8FDC-42A3-9474-1A3956D46DE8}") = "Solution Items", "Solution Items", "{34D4F83E-9C04-4175-8DD3-9D65DDF39F69}"
	ProjectSection(SolutionItems) = preProject
		.editorconfig = .editorconfig
		Directory.Build.props = Directory.Build.props
		nuget.config = nuget.config
	EndProjectSection
EndProject
Project("{9A19103F-16F7-4668-BE54-9A1E7A4F7556}") = "Caravela.MemoTransformer", "Caravela.MemoTransformer\Caravela.MemoTransformer.csproj", "{DB6B2103-3DB0-4C86-BA11-46A2DC5B3E62}"
EndProject
Project("{9A19103F-16F7-4668-BE54-9A1E7A4F7556}") = "Caravela.Framework.Impl.UnitTests", "Caravela.Framework.Impl.UnitTests\Caravela.Framework.Impl.UnitTests.csproj", "{B74D3758-0E43-405F-B7C3-8EF444090E86}"
EndProject
Project("{9A19103F-16F7-4668-BE54-9A1E7A4F7556}") = "Caravela.Framework.Sdk", "Caravela.Framework.Sdk\Caravela.Framework.Sdk.csproj", "{CB98654B-14D3-4ED5-A194-7205A3BEAFD7}"
EndProject
Project("{9A19103F-16F7-4668-BE54-9A1E7A4F7556}") = "Caravela.Reactive", "Caravela.Reactive\Caravela.Reactive.csproj", "{BD041817-F150-43DD-A987-F815730777A5}"
EndProject
Project("{9A19103F-16F7-4668-BE54-9A1E7A4F7556}") = "Caravela.Reactive.UnitTests", "Caravela.Reactive.UnitTests\Caravela.Reactive.UnitTests.csproj", "{7853A7E0-527B-4C70-B7AE-CC3FBAB958E8}"
EndProject
Project("{9A19103F-16F7-4668-BE54-9A1E7A4F7556}") = "Caravela.Framework.TestApp", "Tests\Caravela.Framework.TestApp\Caravela.Framework.TestApp.csproj", "{5765A633-EC2E-4488-AF53-5FC912B39710}"
EndProject
Project("{9A19103F-16F7-4668-BE54-9A1E7A4F7556}") = "Caravela.Framework.TestApp.Aspects", "Tests\Caravela.Framework.TestApp.Aspects\Caravela.Framework.TestApp.Aspects.csproj", "{522FB0EC-9534-40D7-95F8-F9C7D246CC85}"
EndProject
Project("{9A19103F-16F7-4668-BE54-9A1E7A4F7556}") = "Caravela.Framework.GenerateMetaSyntaxRewriter", "Caravela.Framework.GenerateMetaSyntaxRewriter\Caravela.Framework.GenerateMetaSyntaxRewriter.csproj", "{33AD46E7-A88B-4C6D-AB9F-99823DC7DB54}"
EndProject
Project("{2150E333-8FDC-42A3-9474-1A3956D46DE8}") = "Tests", "Tests", "{E4A0A0FD-0EC6-45C6-92C3-1D81974EE32B}"
EndProject
Project("{2150E333-8FDC-42A3-9474-1A3956D46DE8}") = "Build", "Build", "{19660464-978E-4457-846E-B399BB6A3884}"
EndProject
Project("{9A19103F-16F7-4668-BE54-9A1E7A4F7556}") = "Caravela.Framework.TestApp.Library", "Tests\Caravela.Framework.TestApp.Library\Caravela.Framework.TestApp.Library.csproj", "{FCF6B68B-20B3-4AD3-B77D-6D6F560929B0}"
EndProject
Project("{9A19103F-16F7-4668-BE54-9A1E7A4F7556}") = "Caravela.Framework.Sdk.Package", "Caravela.Framework.Sdk.Package\Caravela.Framework.Sdk.Package.csproj", "{909C6855-918D-46DD-B7FB-83EF471AF1A4}"
EndProject
Project("{9A19103F-16F7-4668-BE54-9A1E7A4F7556}") = "Caravela.TestFramework", "Tests\Caravela.TestFramework\Caravela.TestFramework.csproj", "{4638D4AE-4CF2-49C3-9671-F39F33AD0AEF}"
EndProject
Project("{9A19103F-16F7-4668-BE54-9A1E7A4F7556}") = "Caravela.Templating.UnitTests", "Tests\Caravela.Templating.UnitTests\Caravela.Templating.UnitTests.csproj", "{973ED0F5-A1F3-44A9-9BF1-204DFEB862E5}"
EndProject
Project("{9A19103F-16F7-4668-BE54-9A1E7A4F7556}") = "Caravela.AspectWorkbench", "Tests\Caravela.AspectWorkbench\Caravela.AspectWorkbench.csproj", "{5D2A08C6-9F80-4C58-B5A6-51349078A78B}"
EndProject
Global
	GlobalSection(SolutionConfigurationPlatforms) = preSolution
		Debug|Any CPU = Debug|Any CPU
		Release|Any CPU = Release|Any CPU
	EndGlobalSection
	GlobalSection(ProjectConfigurationPlatforms) = postSolution
		{3D5D53DA-F498-4432-A3F4-99F21DEECD69}.Debug|Any CPU.ActiveCfg = Debug|Any CPU
		{3D5D53DA-F498-4432-A3F4-99F21DEECD69}.Debug|Any CPU.Build.0 = Debug|Any CPU
		{3D5D53DA-F498-4432-A3F4-99F21DEECD69}.Release|Any CPU.ActiveCfg = Release|Any CPU
		{3D5D53DA-F498-4432-A3F4-99F21DEECD69}.Release|Any CPU.Build.0 = Release|Any CPU
		{FA9772A5-51D5-4374-8DD3-E7CC1B3F138B}.Debug|Any CPU.ActiveCfg = Debug|Any CPU
		{FA9772A5-51D5-4374-8DD3-E7CC1B3F138B}.Debug|Any CPU.Build.0 = Debug|Any CPU
		{FA9772A5-51D5-4374-8DD3-E7CC1B3F138B}.Release|Any CPU.ActiveCfg = Release|Any CPU
		{FA9772A5-51D5-4374-8DD3-E7CC1B3F138B}.Release|Any CPU.Build.0 = Release|Any CPU
		{DB6B2103-3DB0-4C86-BA11-46A2DC5B3E62}.Debug|Any CPU.ActiveCfg = Debug|Any CPU
		{DB6B2103-3DB0-4C86-BA11-46A2DC5B3E62}.Debug|Any CPU.Build.0 = Debug|Any CPU
		{DB6B2103-3DB0-4C86-BA11-46A2DC5B3E62}.Release|Any CPU.ActiveCfg = Release|Any CPU
		{DB6B2103-3DB0-4C86-BA11-46A2DC5B3E62}.Release|Any CPU.Build.0 = Release|Any CPU
		{B74D3758-0E43-405F-B7C3-8EF444090E86}.Debug|Any CPU.ActiveCfg = Debug|Any CPU
		{B74D3758-0E43-405F-B7C3-8EF444090E86}.Debug|Any CPU.Build.0 = Debug|Any CPU
		{B74D3758-0E43-405F-B7C3-8EF444090E86}.Release|Any CPU.ActiveCfg = Release|Any CPU
		{B74D3758-0E43-405F-B7C3-8EF444090E86}.Release|Any CPU.Build.0 = Release|Any CPU
		{CB98654B-14D3-4ED5-A194-7205A3BEAFD7}.Debug|Any CPU.ActiveCfg = Debug|Any CPU
		{CB98654B-14D3-4ED5-A194-7205A3BEAFD7}.Debug|Any CPU.Build.0 = Debug|Any CPU
		{CB98654B-14D3-4ED5-A194-7205A3BEAFD7}.Release|Any CPU.ActiveCfg = Release|Any CPU
		{CB98654B-14D3-4ED5-A194-7205A3BEAFD7}.Release|Any CPU.Build.0 = Release|Any CPU
		{BD041817-F150-43DD-A987-F815730777A5}.Debug|Any CPU.ActiveCfg = Debug|Any CPU
		{BD041817-F150-43DD-A987-F815730777A5}.Debug|Any CPU.Build.0 = Debug|Any CPU
		{BD041817-F150-43DD-A987-F815730777A5}.Release|Any CPU.ActiveCfg = Release|Any CPU
		{BD041817-F150-43DD-A987-F815730777A5}.Release|Any CPU.Build.0 = Release|Any CPU
		{7853A7E0-527B-4C70-B7AE-CC3FBAB958E8}.Debug|Any CPU.ActiveCfg = Debug|Any CPU
		{7853A7E0-527B-4C70-B7AE-CC3FBAB958E8}.Debug|Any CPU.Build.0 = Debug|Any CPU
		{7853A7E0-527B-4C70-B7AE-CC3FBAB958E8}.Release|Any CPU.ActiveCfg = Release|Any CPU
		{7853A7E0-527B-4C70-B7AE-CC3FBAB958E8}.Release|Any CPU.Build.0 = Release|Any CPU
		{5765A633-EC2E-4488-AF53-5FC912B39710}.Debug|Any CPU.ActiveCfg = Debug|Any CPU
		{5765A633-EC2E-4488-AF53-5FC912B39710}.Debug|Any CPU.Build.0 = Debug|Any CPU
		{5765A633-EC2E-4488-AF53-5FC912B39710}.Release|Any CPU.ActiveCfg = Release|Any CPU
		{5765A633-EC2E-4488-AF53-5FC912B39710}.Release|Any CPU.Build.0 = Release|Any CPU
		{522FB0EC-9534-40D7-95F8-F9C7D246CC85}.Debug|Any CPU.ActiveCfg = Debug|Any CPU
		{522FB0EC-9534-40D7-95F8-F9C7D246CC85}.Debug|Any CPU.Build.0 = Debug|Any CPU
		{522FB0EC-9534-40D7-95F8-F9C7D246CC85}.Release|Any CPU.ActiveCfg = Release|Any CPU
		{522FB0EC-9534-40D7-95F8-F9C7D246CC85}.Release|Any CPU.Build.0 = Release|Any CPU
		{33AD46E7-A88B-4C6D-AB9F-99823DC7DB54}.Debug|Any CPU.ActiveCfg = Debug|Any CPU
		{33AD46E7-A88B-4C6D-AB9F-99823DC7DB54}.Debug|Any CPU.Build.0 = Debug|Any CPU
		{33AD46E7-A88B-4C6D-AB9F-99823DC7DB54}.Release|Any CPU.ActiveCfg = Release|Any CPU
		{33AD46E7-A88B-4C6D-AB9F-99823DC7DB54}.Release|Any CPU.Build.0 = Release|Any CPU
		{FCF6B68B-20B3-4AD3-B77D-6D6F560929B0}.Debug|Any CPU.ActiveCfg = Debug|Any CPU
		{FCF6B68B-20B3-4AD3-B77D-6D6F560929B0}.Debug|Any CPU.Build.0 = Debug|Any CPU
		{FCF6B68B-20B3-4AD3-B77D-6D6F560929B0}.Release|Any CPU.ActiveCfg = Release|Any CPU
		{FCF6B68B-20B3-4AD3-B77D-6D6F560929B0}.Release|Any CPU.Build.0 = Release|Any CPU
		{909C6855-918D-46DD-B7FB-83EF471AF1A4}.Debug|Any CPU.ActiveCfg = Debug|Any CPU
		{909C6855-918D-46DD-B7FB-83EF471AF1A4}.Debug|Any CPU.Build.0 = Debug|Any CPU
		{909C6855-918D-46DD-B7FB-83EF471AF1A4}.Release|Any CPU.ActiveCfg = Release|Any CPU
		{909C6855-918D-46DD-B7FB-83EF471AF1A4}.Release|Any CPU.Build.0 = Release|Any CPU
		{4638D4AE-4CF2-49C3-9671-F39F33AD0AEF}.Debug|Any CPU.ActiveCfg = Debug|Any CPU
		{4638D4AE-4CF2-49C3-9671-F39F33AD0AEF}.Debug|Any CPU.Build.0 = Debug|Any CPU
		{4638D4AE-4CF2-49C3-9671-F39F33AD0AEF}.Release|Any CPU.ActiveCfg = Release|Any CPU
		{4638D4AE-4CF2-49C3-9671-F39F33AD0AEF}.Release|Any CPU.Build.0 = Release|Any CPU
		{973ED0F5-A1F3-44A9-9BF1-204DFEB862E5}.Debug|Any CPU.ActiveCfg = Debug|Any CPU
		{973ED0F5-A1F3-44A9-9BF1-204DFEB862E5}.Debug|Any CPU.Build.0 = Debug|Any CPU
		{973ED0F5-A1F3-44A9-9BF1-204DFEB862E5}.Release|Any CPU.ActiveCfg = Release|Any CPU
		{973ED0F5-A1F3-44A9-9BF1-204DFEB862E5}.Release|Any CPU.Build.0 = Release|Any CPU
		{5D2A08C6-9F80-4C58-B5A6-51349078A78B}.Debug|Any CPU.ActiveCfg = Debug|Any CPU
		{5D2A08C6-9F80-4C58-B5A6-51349078A78B}.Debug|Any CPU.Build.0 = Debug|Any CPU
		{5D2A08C6-9F80-4C58-B5A6-51349078A78B}.Release|Any CPU.ActiveCfg = Release|Any CPU
		{5D2A08C6-9F80-4C58-B5A6-51349078A78B}.Release|Any CPU.Build.0 = Release|Any CPU
	EndGlobalSection
	GlobalSection(SolutionProperties) = preSolution
		HideSolutionNode = FALSE
	EndGlobalSection
	GlobalSection(NestedProjects) = preSolution
		{DB6B2103-3DB0-4C86-BA11-46A2DC5B3E62} = {19660464-978E-4457-846E-B399BB6A3884}
		{B74D3758-0E43-405F-B7C3-8EF444090E86} = {E4A0A0FD-0EC6-45C6-92C3-1D81974EE32B}
		{7853A7E0-527B-4C70-B7AE-CC3FBAB958E8} = {E4A0A0FD-0EC6-45C6-92C3-1D81974EE32B}
		{5765A633-EC2E-4488-AF53-5FC912B39710} = {E4A0A0FD-0EC6-45C6-92C3-1D81974EE32B}
		{522FB0EC-9534-40D7-95F8-F9C7D246CC85} = {E4A0A0FD-0EC6-45C6-92C3-1D81974EE32B}
		{33AD46E7-A88B-4C6D-AB9F-99823DC7DB54} = {19660464-978E-4457-846E-B399BB6A3884}
		{FCF6B68B-20B3-4AD3-B77D-6D6F560929B0} = {E4A0A0FD-0EC6-45C6-92C3-1D81974EE32B}
		{4638D4AE-4CF2-49C3-9671-F39F33AD0AEF} = {E4A0A0FD-0EC6-45C6-92C3-1D81974EE32B}
		{973ED0F5-A1F3-44A9-9BF1-204DFEB862E5} = {E4A0A0FD-0EC6-45C6-92C3-1D81974EE32B}
		{5D2A08C6-9F80-4C58-B5A6-51349078A78B} = {E4A0A0FD-0EC6-45C6-92C3-1D81974EE32B}
	EndGlobalSection
	GlobalSection(ExtensibilityGlobals) = postSolution
		SolutionGuid = {59CB4F2D-3547-4DDF-9712-7B3F95C1ED66}
	EndGlobalSection
EndGlobal
