
Microsoft Visual Studio Solution File, Format Version 12.00
# Visual Studio Version 16
VisualStudioVersion = 16.0.30523.141
MinimumVisualStudioVersion = 10.0.40219.1
Project("{9A19103F-16F7-4668-BE54-9A1E7A4F7556}") = "Caravela.Framework", "Caravela.Framework\Caravela.Framework.csproj", "{3D5D53DA-F498-4432-A3F4-99F21DEECD69}"
EndProject
Project("{9A19103F-16F7-4668-BE54-9A1E7A4F7556}") = "Caravela.Framework.Impl", "Caravela.Framework.Impl\Caravela.Framework.Impl.csproj", "{FA9772A5-51D5-4374-8DD3-E7CC1B3F138B}"
EndProject
Project("{2150E333-8FDC-42A3-9474-1A3956D46DE8}") = "Solution Items", "Solution Items", "{34D4F83E-9C04-4175-8DD3-9D65DDF39F69}"
	ProjectSection(SolutionItems) = preProject
		.editorconfig = .editorconfig
		Directories.props = Directories.props
		Directory.Build.props = Directory.Build.props
		Directory.Build.targets = Directory.Build.targets
		LICENSE.md = LICENSE.md
		nuget.config = nuget.config
		THIRD-PARTY-NOTICES.TXT = THIRD-PARTY-NOTICES.TXT
		Versions.props = Versions.props
	EndProjectSection
EndProject
Project("{9A19103F-16F7-4668-BE54-9A1E7A4F7556}") = "Caravela.MemoTransformer", "Build\Caravela.MemoTransformer\Caravela.MemoTransformer.csproj", "{DB6B2103-3DB0-4C86-BA11-46A2DC5B3E62}"
EndProject
Project("{9A19103F-16F7-4668-BE54-9A1E7A4F7556}") = "Caravela.Framework.Sdk", "Caravela.Framework.Sdk\Caravela.Framework.Sdk.csproj", "{CB98654B-14D3-4ED5-A194-7205A3BEAFD7}"
EndProject
Project("{9A19103F-16F7-4668-BE54-9A1E7A4F7556}") = "Caravela.Framework.GenerateMetaSyntaxRewriter", "Build\Caravela.Framework.GenerateMetaSyntaxRewriter\Caravela.Framework.GenerateMetaSyntaxRewriter.csproj", "{33AD46E7-A88B-4C6D-AB9F-99823DC7DB54}"
EndProject
Project("{2150E333-8FDC-42A3-9474-1A3956D46DE8}") = "Tests", "Tests", "{E4A0A0FD-0EC6-45C6-92C3-1D81974EE32B}"
EndProject
Project("{2150E333-8FDC-42A3-9474-1A3956D46DE8}") = "Build", "Build", "{19660464-978E-4457-846E-B399BB6A3884}"
	ProjectSection(SolutionItems) = preProject
		Build\CopyToPublishDir.proj = Build\CopyToPublishDir.proj
	EndProjectSection
EndProject
Project("{9A19103F-16F7-4668-BE54-9A1E7A4F7556}") = "Caravela.Obfuscator", "Build\Caravela.Obfuscator\Caravela.Obfuscator.csproj", "{B9D33CDD-3D37-40A5-B5D5-F42118342D5B}"
EndProject
Project("{9A19103F-16F7-4668-BE54-9A1E7A4F7556}") = "Caravela.Framework.DesignTime.Contracts", "Caravela.Framework.DesignTime.Contracts\Caravela.Framework.DesignTime.Contracts.csproj", "{2D3EE834-B910-4F2F-8069-F95CE8D0D933}"
EndProject
Project("{9A19103F-16F7-4668-BE54-9A1E7A4F7556}") = "Caravela.Framework.Tests.Integration", "Tests\Caravela.Framework.Tests.Integration\Caravela.Framework.Tests.Integration.csproj", "{69EB8F34-975E-46AD-8EA1-A592A629CCD6}"
EndProject
Project("{9A19103F-16F7-4668-BE54-9A1E7A4F7556}") = "Caravela.Framework.Tests.UnitTests", "Tests\Caravela.Framework.Tests.UnitTests\Caravela.Framework.Tests.UnitTests.csproj", "{7D8C16EE-B822-4AE3-B9C1-810C010573D6}"
EndProject
Project("{9A19103F-16F7-4668-BE54-9A1E7A4F7556}") = "Caravela.TestFramework", "Caravela.TestFramework\Caravela.TestFramework.csproj", "{1F06E390-058E-4102-8674-9CC112D1A8BA}"
EndProject
Project("{9A19103F-16F7-4668-BE54-9A1E7A4F7556}") = "Caravela.AspectWorkbench", "Tests\Caravela.AspectWorkbench\Caravela.AspectWorkbench.csproj", "{FEB29B18-21EF-4A0F-92B8-E6C0F4B22FD0}"
EndProject
Project("{9A19103F-16F7-4668-BE54-9A1E7A4F7556}") = "Caravela.Framework.CompilerExtensions", "Caravela.Framework.CompilerExtensions\Caravela.Framework.CompilerExtensions.csproj", "{089A7C8A-1D13-49BC-A83A-DFBC09941EFE}"
	ProjectSection(ProjectDependencies) = postProject
		{FA9772A5-51D5-4374-8DD3-E7CC1B3F138B} = {FA9772A5-51D5-4374-8DD3-E7CC1B3F138B}
	EndProjectSection
EndProject
Project("{FAE04EC0-301F-11D3-BF4B-00C04F79EFBC}") = "Caravela.Framework.CompilerExtensions.CodeFixes", "Caravela.Framework.CompilerExtensions.CodeFixes\Caravela.Framework.CompilerExtensions.CodeFixes.csproj", "{1A8806A6-BDF6-4276-AE26-E8278AFA7284}"
EndProject
Project("{FAE04EC0-301F-11D3-BF4B-00C04F79EFBC}") = "Caravela.Framework.Package", "Caravela.Framework.Package\Caravela.Framework.Package.csproj", "{4E1A4B01-E613-459B-8104-940D2FB7A063}"
EndProject
Global
	GlobalSection(SolutionConfigurationPlatforms) = preSolution
		Debug|Any CPU = Debug|Any CPU
		Release|Any CPU = Release|Any CPU
	EndGlobalSection
	GlobalSection(ProjectConfigurationPlatforms) = postSolution
		{3D5D53DA-F498-4432-A3F4-99F21DEECD69}.Debug|Any CPU.ActiveCfg = Debug|Any CPU
		{3D5D53DA-F498-4432-A3F4-99F21DEECD69}.Debug|Any CPU.Build.0 = Debug|Any CPU
		{3D5D53DA-F498-4432-A3F4-99F21DEECD69}.Release|Any CPU.ActiveCfg = Release|Any CPU
		{3D5D53DA-F498-4432-A3F4-99F21DEECD69}.Release|Any CPU.Build.0 = Release|Any CPU
		{FA9772A5-51D5-4374-8DD3-E7CC1B3F138B}.Debug|Any CPU.ActiveCfg = Debug|Any CPU
		{FA9772A5-51D5-4374-8DD3-E7CC1B3F138B}.Debug|Any CPU.Build.0 = Debug|Any CPU
		{FA9772A5-51D5-4374-8DD3-E7CC1B3F138B}.Release|Any CPU.ActiveCfg = Release|Any CPU
		{FA9772A5-51D5-4374-8DD3-E7CC1B3F138B}.Release|Any CPU.Build.0 = Release|Any CPU
		{DB6B2103-3DB0-4C86-BA11-46A2DC5B3E62}.Debug|Any CPU.ActiveCfg = Debug|Any CPU
		{DB6B2103-3DB0-4C86-BA11-46A2DC5B3E62}.Debug|Any CPU.Build.0 = Debug|Any CPU
		{DB6B2103-3DB0-4C86-BA11-46A2DC5B3E62}.Release|Any CPU.ActiveCfg = Release|Any CPU
		{DB6B2103-3DB0-4C86-BA11-46A2DC5B3E62}.Release|Any CPU.Build.0 = Release|Any CPU
		{CB98654B-14D3-4ED5-A194-7205A3BEAFD7}.Debug|Any CPU.ActiveCfg = Debug|Any CPU
		{CB98654B-14D3-4ED5-A194-7205A3BEAFD7}.Debug|Any CPU.Build.0 = Debug|Any CPU
		{CB98654B-14D3-4ED5-A194-7205A3BEAFD7}.Release|Any CPU.ActiveCfg = Release|Any CPU
		{CB98654B-14D3-4ED5-A194-7205A3BEAFD7}.Release|Any CPU.Build.0 = Release|Any CPU
		{33AD46E7-A88B-4C6D-AB9F-99823DC7DB54}.Debug|Any CPU.ActiveCfg = Debug|Any CPU
		{33AD46E7-A88B-4C6D-AB9F-99823DC7DB54}.Debug|Any CPU.Build.0 = Debug|Any CPU
		{33AD46E7-A88B-4C6D-AB9F-99823DC7DB54}.Release|Any CPU.ActiveCfg = Release|Any CPU
		{33AD46E7-A88B-4C6D-AB9F-99823DC7DB54}.Release|Any CPU.Build.0 = Release|Any CPU
		{B9D33CDD-3D37-40A5-B5D5-F42118342D5B}.Debug|Any CPU.ActiveCfg = Debug|Any CPU
		{B9D33CDD-3D37-40A5-B5D5-F42118342D5B}.Debug|Any CPU.Build.0 = Debug|Any CPU
		{B9D33CDD-3D37-40A5-B5D5-F42118342D5B}.Release|Any CPU.ActiveCfg = Release|Any CPU
		{B9D33CDD-3D37-40A5-B5D5-F42118342D5B}.Release|Any CPU.Build.0 = Release|Any CPU
		{2D3EE834-B910-4F2F-8069-F95CE8D0D933}.Debug|Any CPU.ActiveCfg = Debug|Any CPU
		{2D3EE834-B910-4F2F-8069-F95CE8D0D933}.Debug|Any CPU.Build.0 = Debug|Any CPU
		{2D3EE834-B910-4F2F-8069-F95CE8D0D933}.Release|Any CPU.ActiveCfg = Release|Any CPU
		{2D3EE834-B910-4F2F-8069-F95CE8D0D933}.Release|Any CPU.Build.0 = Release|Any CPU
		{69EB8F34-975E-46AD-8EA1-A592A629CCD6}.Debug|Any CPU.ActiveCfg = Debug|Any CPU
		{69EB8F34-975E-46AD-8EA1-A592A629CCD6}.Debug|Any CPU.Build.0 = Debug|Any CPU
		{69EB8F34-975E-46AD-8EA1-A592A629CCD6}.Release|Any CPU.ActiveCfg = Release|Any CPU
		{69EB8F34-975E-46AD-8EA1-A592A629CCD6}.Release|Any CPU.Build.0 = Release|Any CPU
		{7D8C16EE-B822-4AE3-B9C1-810C010573D6}.Debug|Any CPU.ActiveCfg = Debug|Any CPU
		{7D8C16EE-B822-4AE3-B9C1-810C010573D6}.Debug|Any CPU.Build.0 = Debug|Any CPU
		{7D8C16EE-B822-4AE3-B9C1-810C010573D6}.Release|Any CPU.ActiveCfg = Release|Any CPU
		{7D8C16EE-B822-4AE3-B9C1-810C010573D6}.Release|Any CPU.Build.0 = Release|Any CPU
		{1F06E390-058E-4102-8674-9CC112D1A8BA}.Debug|Any CPU.ActiveCfg = Debug|Any CPU
		{1F06E390-058E-4102-8674-9CC112D1A8BA}.Debug|Any CPU.Build.0 = Debug|Any CPU
		{1F06E390-058E-4102-8674-9CC112D1A8BA}.Release|Any CPU.ActiveCfg = Release|Any CPU
		{1F06E390-058E-4102-8674-9CC112D1A8BA}.Release|Any CPU.Build.0 = Release|Any CPU
		{FEB29B18-21EF-4A0F-92B8-E6C0F4B22FD0}.Debug|Any CPU.ActiveCfg = Debug|Any CPU
		{FEB29B18-21EF-4A0F-92B8-E6C0F4B22FD0}.Debug|Any CPU.Build.0 = Debug|Any CPU
		{FEB29B18-21EF-4A0F-92B8-E6C0F4B22FD0}.Release|Any CPU.ActiveCfg = Release|Any CPU
		{FEB29B18-21EF-4A0F-92B8-E6C0F4B22FD0}.Release|Any CPU.Build.0 = Release|Any CPU
		{089A7C8A-1D13-49BC-A83A-DFBC09941EFE}.Debug|Any CPU.ActiveCfg = Debug|Any CPU
		{089A7C8A-1D13-49BC-A83A-DFBC09941EFE}.Debug|Any CPU.Build.0 = Debug|Any CPU
		{089A7C8A-1D13-49BC-A83A-DFBC09941EFE}.Release|Any CPU.ActiveCfg = Release|Any CPU
		{089A7C8A-1D13-49BC-A83A-DFBC09941EFE}.Release|Any CPU.Build.0 = Release|Any CPU
		{1A8806A6-BDF6-4276-AE26-E8278AFA7284}.Debug|Any CPU.ActiveCfg = Debug|Any CPU
		{1A8806A6-BDF6-4276-AE26-E8278AFA7284}.Debug|Any CPU.Build.0 = Debug|Any CPU
		{1A8806A6-BDF6-4276-AE26-E8278AFA7284}.Release|Any CPU.ActiveCfg = Release|Any CPU
		{1A8806A6-BDF6-4276-AE26-E8278AFA7284}.Release|Any CPU.Build.0 = Release|Any CPU
		{4E1A4B01-E613-459B-8104-940D2FB7A063}.Debug|Any CPU.ActiveCfg = Debug|Any CPU
		{4E1A4B01-E613-459B-8104-940D2FB7A063}.Debug|Any CPU.Build.0 = Debug|Any CPU
		{4E1A4B01-E613-459B-8104-940D2FB7A063}.Release|Any CPU.ActiveCfg = Release|Any CPU
		{4E1A4B01-E613-459B-8104-940D2FB7A063}.Release|Any CPU.Build.0 = Release|Any CPU
	EndGlobalSection
	GlobalSection(SolutionProperties) = preSolution
		HideSolutionNode = FALSE
	EndGlobalSection
	GlobalSection(NestedProjects) = preSolution
		{DB6B2103-3DB0-4C86-BA11-46A2DC5B3E62} = {19660464-978E-4457-846E-B399BB6A3884}
		{33AD46E7-A88B-4C6D-AB9F-99823DC7DB54} = {19660464-978E-4457-846E-B399BB6A3884}
		{B9D33CDD-3D37-40A5-B5D5-F42118342D5B} = {19660464-978E-4457-846E-B399BB6A3884}
		{69EB8F34-975E-46AD-8EA1-A592A629CCD6} = {E4A0A0FD-0EC6-45C6-92C3-1D81974EE32B}
		{7D8C16EE-B822-4AE3-B9C1-810C010573D6} = {E4A0A0FD-0EC6-45C6-92C3-1D81974EE32B}
		{FEB29B18-21EF-4A0F-92B8-E6C0F4B22FD0} = {E4A0A0FD-0EC6-45C6-92C3-1D81974EE32B}
	EndGlobalSection
	GlobalSection(ExtensibilityGlobals) = postSolution
		SolutionGuid = {59CB4F2D-3547-4DDF-9712-7B3F95C1ED66}
	EndGlobalSection
EndGlobal
