
Microsoft Visual Studio Solution File, Format Version 12.00
# Visual Studio Version 17
VisualStudioVersion = 17.3.32825.248
MinimumVisualStudioVersion = 10.0.40219.1
Project("{FAE04EC0-301F-11D3-BF4B-00C04F79EFBC}") = "ConsoleApp1", "ConsoleApp1.csproj", "{68C29BFA-BE9A-4441-87DA-AF0A17A9E6D1}"
EndProject
Global
	GlobalSection(SolutionConfigurationPlatforms) = preSolution
		Debug|Any CPU = Debug|Any CPU
		LamaDebug|Any CPU = LamaDebug|Any CPU
		Release|Any CPU = Release|Any CPU
	EndGlobalSection
	GlobalSection(ProjectConfigurationPlatforms) = postSolution
		{68C29BFA-BE9A-4441-87DA-AF0A17A9E6D1}.Debug|Any CPU.ActiveCfg = Debug|Any CPU
		{68C29BFA-BE9A-4441-87DA-AF0A17A9E6D1}.Debug|Any CPU.Build.0 = Debug|Any CPU
		{68C29BFA-BE9A-4441-87DA-AF0A17A9E6D1}.LamaDebug|Any CPU.ActiveCfg = LamaDebug|Any CPU
		{68C29BFA-BE9A-4441-87DA-AF0A17A9E6D1}.LamaDebug|Any CPU.Build.0 = LamaDebug|Any CPU
		{68C29BFA-BE9A-4441-87DA-AF0A17A9E6D1}.Release|Any CPU.ActiveCfg = Release|Any CPU
		{68C29BFA-BE9A-4441-87DA-AF0A17A9E6D1}.Release|Any CPU.Build.0 = Release|Any CPU
	EndGlobalSection
	GlobalSection(SolutionProperties) = preSolution
		HideSolutionNode = FALSE
	EndGlobalSection
	GlobalSection(ExtensibilityGlobals) = postSolution
		SolutionGuid = {9E357C22-52A0-4C3F-BF37-5067C5417738}
	EndGlobalSection
EndGlobal
