
Microsoft Visual Studio Solution File, Format Version 12.00
# Visual Studio Version 17
VisualStudioVersion = 17.0.31903.59
MinimumVisualStudioVersion = 10.0.40219.1
Project("{FAE04EC0-301F-11D3-BF4B-00C04F79EFBC}") = "Dependency", "Dependency/Dependency.csproj", "{AE71F19D-08C9-49C7-8605-B3F9BDC913D7}"
EndProject
Project("{FAE04EC0-301F-11D3-BF4B-00C04F79EFBC}") = "Tests", "Tests/Tests.csproj", "{60C2C152-F78E-45F6-9042-0C4582F64E9F}"
EndProject
Global
	GlobalSection(SolutionConfigurationPlatforms) = preSolution
		Debug|Any CPU = Debug|Any CPU
		Release|Any CPU = Release|Any CPU
	EndGlobalSection
	GlobalSection(SolutionProperties) = preSolution
		HideSolutionNode = FALSE
	EndGlobalSection
	GlobalSection(ProjectConfigurationPlatforms) = postSolution
		{AE71F19D-08C9-49C7-8605-B3F9BDC913D7}.Debug|Any CPU.ActiveCfg = Debug|Any CPU
		{AE71F19D-08C9-49C7-8605-B3F9BDC913D7}.Debug|Any CPU.Build.0 = Debug|Any CPU
		{AE71F19D-08C9-49C7-8605-B3F9BDC913D7}.Release|Any CPU.ActiveCfg = Release|Any CPU
		{AE71F19D-08C9-49C7-8605-B3F9BDC913D7}.Release|Any CPU.Build.0 = Release|Any CPU
		{60C2C152-F78E-45F6-9042-0C4582F64E9F}.Debug|Any CPU.ActiveCfg = Debug|Any CPU
		{60C2C152-F78E-45F6-9042-0C4582F64E9F}.Debug|Any CPU.Build.0 = Debug|Any CPU
		{60C2C152-F78E-45F6-9042-0C4582F64E9F}.Release|Any CPU.ActiveCfg = Release|Any CPU
		{60C2C152-F78E-45F6-9042-0C4582F64E9F}.Release|Any CPU.Build.0 = Release|Any CPU
	EndGlobalSection
EndGlobal
