
Microsoft Visual Studio Solution File, Format Version 12.00
# Visual Studio Version 17
VisualStudioVersion = 17.4.33213.308
MinimumVisualStudioVersion = 10.0.40219.1
Project("{FAE04EC0-301F-11D3-BF4B-00C04F79EFBC}") = "Issue32772Library", "Issue32772Library\Issue32772Library.csproj", "{00BCDB19-3AB8-4CDA-BBDC-1CFDB805893B}"
EndProject
Project("{FAE04EC0-301F-11D3-BF4B-00C04F79EFBC}") = "Issue32772SdkLibrary", "Issue32772SdkLibrary\Issue32772SdkLibrary.csproj", "{E6E54B4A-9D2C-4DEE-B92A-CF05947A34C5}"
EndProject
Global
	GlobalSection(SolutionConfigurationPlatforms) = preSolution
		Debug|Any CPU = Debug|Any CPU
		Release|Any CPU = Release|Any CPU
	EndGlobalSection
	GlobalSection(ProjectConfigurationPlatforms) = postSolution
		{00BCDB19-3AB8-4CDA-BBDC-1CFDB805893B}.Debug|Any CPU.ActiveCfg = Debug|Any CPU
		{00BCDB19-3AB8-4CDA-BBDC-1CFDB805893B}.Debug|Any CPU.Build.0 = Debug|Any CPU
		{00BCDB19-3AB8-4CDA-BBDC-1CFDB805893B}.Release|Any CPU.ActiveCfg = Release|Any CPU
		{00BCDB19-3AB8-4CDA-BBDC-1CFDB805893B}.Release|Any CPU.Build.0 = Release|Any CPU
		{E6E54B4A-9D2C-4DEE-B92A-CF05947A34C5}.Debug|Any CPU.ActiveCfg = Debug|Any CPU
		{E6E54B4A-9D2C-4DEE-B92A-CF05947A34C5}.Debug|Any CPU.Build.0 = Debug|Any CPU
		{E6E54B4A-9D2C-4DEE-B92A-CF05947A34C5}.Release|Any CPU.ActiveCfg = Release|Any CPU
		{E6E54B4A-9D2C-4DEE-B92A-CF05947A34C5}.Release|Any CPU.Build.0 = Release|Any CPU
	EndGlobalSection
	GlobalSection(SolutionProperties) = preSolution
		HideSolutionNode = FALSE
	EndGlobalSection
	GlobalSection(ExtensibilityGlobals) = postSolution
		SolutionGuid = {C1B1C744-B1D6-4567-9417-80517BD47CD4}
	EndGlobalSection
EndGlobal
