
Microsoft Visual Studio Solution File, Format Version 12.00
# Visual Studio Version 17
VisualStudioVersion = 17.2.32630.192
MinimumVisualStudioVersion = 10.0.40219.1
Project("{9A19103F-16F7-4668-BE54-9A1E7A4F7556}") = "Project", "Level1/Level2/Level3/Level4/Project.csproj", "{3C0E0527-8CB5-4549-99D8-C9D25197A97C}"
EndProject
Global
	GlobalSection(SolutionConfigurationPlatforms) = preSolution
		Debug|Any CPU = Debug|Any CPU
		LamaDebug|Any CPU = LamaDebug|Any CPU
		Release|Any CPU = Release|Any CPU
	EndGlobalSection
	GlobalSection(ProjectConfigurationPlatforms) = postSolution
		{3C0E0527-8CB5-4549-99D8-C9D25197A97C}.Debug|Any CPU.ActiveCfg = Debug|Any CPU
		{3C0E0527-8CB5-4549-99D8-C9D25197A97C}.Debug|Any CPU.Build.0 = Debug|Any CPU
		{3C0E0527-8CB5-4549-99D8-C9D25197A97C}.LamaDebug|Any CPU.ActiveCfg = LamaDebug|Any CPU
		{3C0E0527-8CB5-4549-99D8-C9D25197A97C}.LamaDebug|Any CPU.Build.0 = LamaDebug|Any CPU
		{3C0E0527-8CB5-4549-99D8-C9D25197A97C}.Release|Any CPU.ActiveCfg = Release|Any CPU
		{3C0E0527-8CB5-4549-99D8-C9D25197A97C}.Release|Any CPU.Build.0 = Release|Any CPU
	EndGlobalSection
	GlobalSection(SolutionProperties) = preSolution
		HideSolutionNode = FALSE
	EndGlobalSection
	GlobalSection(ExtensibilityGlobals) = postSolution
		SolutionGuid = {FDF1ADCB-3BAD-4DDC-8330-2161D82A5FA9}
	EndGlobalSection
EndGlobal
