
Microsoft Visual Studio Solution File, Format Version 12.00
# Visual Studio Version 17
VisualStudioVersion = 17.5.33414.496
MinimumVisualStudioVersion = 10.0.40219.1
Project("{9A19103F-16F7-4668-BE54-9A1E7A4F7556}") = "Test", "Test/Test.csproj", "{0B79CAAD-11B1-4DB4-8097-9888080807AA}"
EndProject
Project("{9A19103F-16F7-4668-BE54-9A1E7A4F7556}") = "Aspects", "Aspects/Aspects.csproj", "{5AC55718-9853-497A-B030-C2EC52DEC3AB}"
EndProject
Global
	GlobalSection(SolutionConfigurationPlatforms) = preSolution
		Debug|Any CPU = Debug|Any CPU
		Release|Any CPU = Release|Any CPU
	EndGlobalSection
	GlobalSection(ProjectConfigurationPlatforms) = postSolution
		{0B79CAAD-11B1-4DB4-8097-9888080807AA}.Debug|Any CPU.ActiveCfg = Debug|Any CPU
		{0B79CAAD-11B1-4DB4-8097-9888080807AA}.Debug|Any CPU.Build.0 = Debug|Any CPU
		{0B79CAAD-11B1-4DB4-8097-9888080807AA}.Release|Any CPU.ActiveCfg = Release|Any CPU
		{0B79CAAD-11B1-4DB4-8097-9888080807AA}.Release|Any CPU.Build.0 = Release|Any CPU
		{5AC55718-9853-497A-B030-C2EC52DEC3AB}.Debug|Any CPU.ActiveCfg = Debug|Any CPU
		{5AC55718-9853-497A-B030-C2EC52DEC3AB}.Debug|Any CPU.Build.0 = Debug|Any CPU
		{5AC55718-9853-497A-B030-C2EC52DEC3AB}.Release|Any CPU.ActiveCfg = Release|Any CPU
		{5AC55718-9853-497A-B030-C2EC52DEC3AB}.Release|Any CPU.Build.0 = Release|Any CPU
	EndGlobalSection
	GlobalSection(SolutionProperties) = preSolution
		HideSolutionNode = FALSE
	EndGlobalSection
	GlobalSection(ExtensibilityGlobals) = postSolution
		SolutionGuid = {037606E8-4F2F-49E4-9C09-3295E0AE11C0}
	EndGlobalSection
EndGlobal
