
Microsoft Visual Studio Solution File, Format Version 12.00
# Visual Studio Version 17
VisualStudioVersion = 17.3.32811.315
MinimumVisualStudioVersion = 10.0.40219.1
Project("{9A19103F-16F7-4668-BE54-9A1E7A4F7556}") = "TestExecutorTestsAllowed", "TestExecutorTestsAllowed/TestExecutorTestsAllowed.csproj", "{B0B13410-19E1-4D2D-9348-0F11252CFBB0}"
EndProject
Project("{9A19103F-16F7-4668-BE54-9A1E7A4F7556}") = "TestExecutorTestsForbidden", "TestExecutorTestsForbidden/TestExecutorTestsForbidden.csproj", "{138C01E7-274B-4E2A-8672-8B9C42DAA802}"
EndProject
Project("{9A19103F-16F7-4668-BE54-9A1E7A4F7556}") = "TestSuiteTestsAllowed", "TestSuiteTestsAllowed/TestSuiteTestsAllowed.csproj", "{FB2DF3AB-CBC2-4EF2-883F-56288D9EC7EA}"
EndProject
Project("{2150E333-8FDC-42A3-9474-1A3956D46DE8}") = "Solution Items", "Solution Items", "{FEFBE86D-C38C-4274-8699-7A95D3D757A3}"
EndProject
Project("{9A19103F-16F7-4668-BE54-9A1E7A4F7556}") = "TestSuiteTestsFobidden", "TestSuiteTestsFobidden/TestSuiteTestsFobidden.csproj", "{9CA96FB9-36C7-4EA9-8A47-147DAAF42E2F}"
EndProject
Project("{9A19103F-16F7-4668-BE54-9A1E7A4F7556}") = "ProjectBoundTestsProject.TestSuiteTestsAllowed", "ProjectBoundTestSuiteTestsAllowed/ProjectBoundTestsProject.TestSuiteTestsAllowed.csproj", "{74678449-869A-45AD-B66E-4D0A0EF7F5EA}"
EndProject
Project("{9A19103F-16F7-4668-BE54-9A1E7A4F7556}") = "ProjectBoundTestSuiteTestsForbidden", "ProjectBoundTestSuiteTestsForbidden/ProjectBoundTestSuiteTestsForbidden.csproj", "{3A743022-7194-4C60-9B64-13039F62A209}"
EndProject
Project("{9A19103F-16F7-4668-BE54-9A1E7A4F7556}") = "TestBuildFails", "TestBuildFails/TestBuildFails.csproj", "{B768F28D-A599-4641-BC22-B0FF8704D186}"
EndProject
Global
	GlobalSection(SolutionConfigurationPlatforms) = preSolution
		Debug|Any CPU = Debug|Any CPU
		Release|Any CPU = Release|Any CPU
	EndGlobalSection
	GlobalSection(ProjectConfigurationPlatforms) = postSolution
		{B0B13410-19E1-4D2D-9348-0F11252CFBB0}.Debug|Any CPU.ActiveCfg = Debug|Any CPU
		{B0B13410-19E1-4D2D-9348-0F11252CFBB0}.Debug|Any CPU.Build.0 = Debug|Any CPU
		{B0B13410-19E1-4D2D-9348-0F11252CFBB0}.Release|Any CPU.ActiveCfg = Release|Any CPU
		{B0B13410-19E1-4D2D-9348-0F11252CFBB0}.Release|Any CPU.Build.0 = Release|Any CPU
		{138C01E7-274B-4E2A-8672-8B9C42DAA802}.Debug|Any CPU.ActiveCfg = Debug|Any CPU
		{138C01E7-274B-4E2A-8672-8B9C42DAA802}.Debug|Any CPU.Build.0 = Debug|Any CPU
		{138C01E7-274B-4E2A-8672-8B9C42DAA802}.Release|Any CPU.ActiveCfg = Release|Any CPU
		{138C01E7-274B-4E2A-8672-8B9C42DAA802}.Release|Any CPU.Build.0 = Release|Any CPU
		{FB2DF3AB-CBC2-4EF2-883F-56288D9EC7EA}.Debug|Any CPU.ActiveCfg = Debug|Any CPU
		{FB2DF3AB-CBC2-4EF2-883F-56288D9EC7EA}.Debug|Any CPU.Build.0 = Debug|Any CPU
		{FB2DF3AB-CBC2-4EF2-883F-56288D9EC7EA}.Release|Any CPU.ActiveCfg = Release|Any CPU
		{FB2DF3AB-CBC2-4EF2-883F-56288D9EC7EA}.Release|Any CPU.Build.0 = Release|Any CPU
		{9CA96FB9-36C7-4EA9-8A47-147DAAF42E2F}.Debug|Any CPU.ActiveCfg = Debug|Any CPU
		{9CA96FB9-36C7-4EA9-8A47-147DAAF42E2F}.Debug|Any CPU.Build.0 = Debug|Any CPU
		{9CA96FB9-36C7-4EA9-8A47-147DAAF42E2F}.Release|Any CPU.ActiveCfg = Release|Any CPU
		{9CA96FB9-36C7-4EA9-8A47-147DAAF42E2F}.Release|Any CPU.Build.0 = Release|Any CPU
		{74678449-869A-45AD-B66E-4D0A0EF7F5EA}.Debug|Any CPU.ActiveCfg = Debug|Any CPU
		{74678449-869A-45AD-B66E-4D0A0EF7F5EA}.Debug|Any CPU.Build.0 = Debug|Any CPU
		{74678449-869A-45AD-B66E-4D0A0EF7F5EA}.Release|Any CPU.ActiveCfg = Release|Any CPU
		{74678449-869A-45AD-B66E-4D0A0EF7F5EA}.Release|Any CPU.Build.0 = Release|Any CPU
		{3A743022-7194-4C60-9B64-13039F62A209}.Debug|Any CPU.ActiveCfg = Debug|Any CPU
		{3A743022-7194-4C60-9B64-13039F62A209}.Debug|Any CPU.Build.0 = Debug|Any CPU
		{3A743022-7194-4C60-9B64-13039F62A209}.Release|Any CPU.ActiveCfg = Release|Any CPU
		{3A743022-7194-4C60-9B64-13039F62A209}.Release|Any CPU.Build.0 = Release|Any CPU
		{B768F28D-A599-4641-BC22-B0FF8704D186}.Debug|Any CPU.ActiveCfg = Debug|Any CPU
		{B768F28D-A599-4641-BC22-B0FF8704D186}.Debug|Any CPU.Build.0 = Debug|Any CPU
		{B768F28D-A599-4641-BC22-B0FF8704D186}.Release|Any CPU.ActiveCfg = Release|Any CPU
		{B768F28D-A599-4641-BC22-B0FF8704D186}.Release|Any CPU.Build.0 = Release|Any CPU
	EndGlobalSection
	GlobalSection(SolutionProperties) = preSolution
		HideSolutionNode = FALSE
	EndGlobalSection
	GlobalSection(ExtensibilityGlobals) = postSolution
		SolutionGuid = {F3DCB8D2-A5CD-4D4B-9835-80EA7CB3C179}
	EndGlobalSection
EndGlobal
