
Microsoft Visual Studio Solution File, Format Version 12.00
# Visual Studio Version 17
VisualStudioVersion = 17.0.31903.59
MinimumVisualStudioVersion = 10.0.40219.1
Project("{FAE04EC0-301F-11D3-BF4B-00C04F79EFBC}") = "TestExecutorTestsForbidden", "TestExecutorTestsForbidden.csproj", "{CAAEC52D-E52A-4FB7-A268-7F050E5D99CB}"
EndProject
Global
	GlobalSection(SolutionConfigurationPlatforms) = preSolution
		Debug|Any CPU = Debug|Any CPU
		Release|Any CPU = Release|Any CPU
	EndGlobalSection
	GlobalSection(SolutionProperties) = preSolution
		HideSolutionNode = FALSE
	EndGlobalSection
	GlobalSection(ProjectConfigurationPlatforms) = postSolution
		{CAAEC52D-E52A-4FB7-A268-7F050E5D99CB}.Debug|Any CPU.ActiveCfg = Debug|Any CPU
		{CAAEC52D-E52A-4FB7-A268-7F050E5D99CB}.Debug|Any CPU.Build.0 = Debug|Any CPU
		{CAAEC52D-E52A-4FB7-A268-7F050E5D99CB}.Release|Any CPU.ActiveCfg = Release|Any CPU
		{CAAEC52D-E52A-4FB7-A268-7F050E5D99CB}.Release|Any CPU.Build.0 = Release|Any CPU
	EndGlobalSection
EndGlobal
