
Microsoft Visual Studio Solution File, Format Version 12.00
# Visual Studio Version 17
VisualStudioVersion = 17.0.31903.59
MinimumVisualStudioVersion = 10.0.40219.1
Project("{9A19103F-16F7-4668-BE54-9A1E7A4F7556}") = "DotNet", "DotNet\DotNet.csproj", "{C8626700-A4AB-4E44-93C8-5AB4122AEE0A}"
EndProject
Project("{9A19103F-16F7-4668-BE54-9A1E7A4F7556}") = "DotNetFramework", "DotNetFramework\DotNetFramework.csproj", "{8C4933C9-E877-451F-B34D-E64C88D768DE}"
EndProject
Global
	GlobalSection(SolutionConfigurationPlatforms) = preSolution
		Debug|Any CPU = Debug|Any CPU
		Release|Any CPU = Release|Any CPU
	EndGlobalSection
	GlobalSection(ProjectConfigurationPlatforms) = postSolution
		{C8626700-A4AB-4E44-93C8-5AB4122AEE0A}.Debug|Any CPU.ActiveCfg = Debug|Any CPU
		{C8626700-A4AB-4E44-93C8-5AB4122AEE0A}.Debug|Any CPU.Build.0 = Debug|Any CPU
		{C8626700-A4AB-4E44-93C8-5AB4122AEE0A}.Release|Any CPU.ActiveCfg = Release|Any CPU
		{C8626700-A4AB-4E44-93C8-5AB4122AEE0A}.Release|Any CPU.Build.0 = Release|Any CPU
		{8C4933C9-E877-451F-B34D-E64C88D768DE}.Debug|Any CPU.ActiveCfg = Debug|Any CPU
		{8C4933C9-E877-451F-B34D-E64C88D768DE}.Debug|Any CPU.Build.0 = Debug|Any CPU
		{8C4933C9-E877-451F-B34D-E64C88D768DE}.Release|Any CPU.ActiveCfg = Release|Any CPU
		{8C4933C9-E877-451F-B34D-E64C88D768DE}.Release|Any CPU.Build.0 = Release|Any CPU
	EndGlobalSection
	GlobalSection(SolutionProperties) = preSolution
		HideSolutionNode = FALSE
	EndGlobalSection
EndGlobal
