
Microsoft Visual Studio Solution File, Format Version 12.00
# Visual Studio Version 16
VisualStudioVersion = 16.0.30907.101
MinimumVisualStudioVersion = 10.0.40219.1
Project("{9A19103F-16F7-4668-BE54-9A1E7A4F7556}") = "Caravela.Framework.DesignTime.Contracts", "..\Caravela.Framework.DesignTime.Contracts\Caravela.Framework.DesignTime.Contracts.csproj", "{CE6ED44E-8243-4D2E-B429-990F66CFF297}"
EndProject
Project("{FAE04EC0-301F-11D3-BF4B-00C04F79EFBC}") = "Caravela.Framework.DesignTime.Vsix", "Caravela.Framework.DesignTime.Vsix.csproj", "{318AC40B-9A06-48C9-941E-CC6850892196}"
EndProject
Global
	GlobalSection(SolutionConfigurationPlatforms) = preSolution
		Debug|Any CPU = Debug|Any CPU
		Release|Any CPU = Release|Any CPU
	EndGlobalSection
	GlobalSection(ProjectConfigurationPlatforms) = postSolution
		{CE6ED44E-8243-4D2E-B429-990F66CFF297}.Debug|Any CPU.ActiveCfg = Debug|Any CPU
		{CE6ED44E-8243-4D2E-B429-990F66CFF297}.Debug|Any CPU.Build.0 = Debug|Any CPU
		{CE6ED44E-8243-4D2E-B429-990F66CFF297}.Release|Any CPU.ActiveCfg = Release|Any CPU
		{CE6ED44E-8243-4D2E-B429-990F66CFF297}.Release|Any CPU.Build.0 = Release|Any CPU
		{318AC40B-9A06-48C9-941E-CC6850892196}.Debug|Any CPU.ActiveCfg = Debug|Any CPU
		{318AC40B-9A06-48C9-941E-CC6850892196}.Debug|Any CPU.Build.0 = Debug|Any CPU
		{318AC40B-9A06-48C9-941E-CC6850892196}.Release|Any CPU.ActiveCfg = Release|Any CPU
		{318AC40B-9A06-48C9-941E-CC6850892196}.Release|Any CPU.Build.0 = Release|Any CPU
	EndGlobalSection
	GlobalSection(SolutionProperties) = preSolution
		HideSolutionNode = FALSE
	EndGlobalSection
	GlobalSection(ExtensibilityGlobals) = postSolution
		SolutionGuid = {378CE6D0-19A5-4AA3-B631-D87886D2A281}
	EndGlobalSection
EndGlobal
